
Microsoft Visual Studio Solution File, Format Version 12.00
# Visual Studio 15
VisualStudioVersion = 15.0.26730.10
MinimumVisualStudioVersion = 10.0.40219.1
Project("{FAE04EC0-301F-11D3-BF4B-00C04F79EFBC}") = "ConsoleApplication3", "ConsoleApplication3\ConsoleApplication3.csproj", "{5F2DF791-4376-4669-84A1-54E223CB9990}"
EndProject
Project("{FAE04EC0-301F-11D3-BF4B-00C04F79EFBC}") = "WriteFile", "WriteFile\WriteFile.csproj", "{285A3315-603D-4ADF-B1EB-B8823F693EA4}"
EndProject
Project("{FAE04EC0-301F-11D3-BF4B-00C04F79EFBC}") = "Ch13Ex08", "Ch13Ex08\Ch13Ex08.csproj", "{733F1712-2423-46D3-9C3B-FA58B6BE57D3}"
EndProject
Project("{FAE04EC0-301F-11D3-BF4B-00C04F79EFBC}") = "Ch11Ex03", "Ch11Ex03\Ch11Ex03.csproj", "{1CEAB92D-B2DF-4C2F-8AF2-D2E91B4B462D}"
EndProject
Project("{FAE04EC0-301F-11D3-BF4B-00C04F79EFBC}") = "Ch09Ex01", "Ch09Ex01\Ch09Ex01.csproj", "{F12B5679-DC1B-4123-9829-892FB76A260C}"
EndProject
Project("{FAE04EC0-301F-11D3-BF4B-00C04F79EFBC}") = "Vehicels", "Vehicels\Vehicels.csproj", "{719DDB7D-97C6-4BCC-A28E-7B5379720FB2}"
EndProject
Project("{FAE04EC0-301F-11D3-BF4B-00C04F79EFBC}") = "Ch10Ex01", "Ch10Ex01\Ch10Ex01.csproj", "{5878C145-6E99-46E4-9EB5-CBAFB1C781E0}"
EndProject
Project("{FAE04EC0-301F-11D3-BF4B-00C04F79EFBC}") = "Ch10Ex02", "Ch10Ex02\Ch10Ex02.csproj", "{E88AE405-EDAD-42ED-A518-F8ADC8A76822}"
EndProject
Project("{FAE04EC0-301F-11D3-BF4B-00C04F79EFBC}") = "Ch10CardLib", "Ch10CardLib\Ch10CardLib.csproj", "{43F06F73-0DDD-419E-B11B-BD66FE3AD239}"
EndProject
Project("{FAE04EC0-301F-11D3-BF4B-00C04F79EFBC}") = "Ch10CardClient", "Ch10CardClient\Ch10CardClient.csproj", "{3DA4012C-6BCA-46E4-A4E6-5BE0A3524007}"
EndProject
Project("{FAE04EC0-301F-11D3-BF4B-00C04F79EFBC}") = "Ch11Ex01", "Ch11Ex01\Ch11Ex01.csproj", "{EEA8A03F-03F9-4DB3-8D78-1BECECF89A09}"
EndProject
Project("{FAE04EC0-301F-11D3-BF4B-00C04F79EFBC}") = "Ch11Ex02", "Ch11Ex02\Ch11Ex02.csproj", "{54338B68-A958-4756-94AC-475CF912D677}"
EndProject
Project("{FAE04EC0-301F-11D3-BF4B-00C04F79EFBC}") = "Ch11CardLib", "Ch11CardLib\Ch11CardLib.csproj", "{AC23641F-69AF-4AE0-9FE8-E6E0E8F226D2}"
EndProject
Project("{FAE04EC0-301F-11D3-BF4B-00C04F79EFBC}") = "Ch11CardClient", "Ch11CardClient\Ch11CardClient.csproj", "{8EEA6C65-710F-4D72-9FCB-CC582364F781}"
EndProject
Project("{FAE04EC0-301F-11D3-BF4B-00C04F79EFBC}") = "Ch11Ex04", "Ch11Ex04\Ch11Ex04.csproj", "{61B9BA06-4DAF-412D-BFC6-3E08D4578D47}"
EndProject
Project("{FAE04EC0-301F-11D3-BF4B-00C04F79EFBC}") = "Ch11Ex05", "Ch11Ex05\Ch11Ex05.csproj", "{6DD7D1F7-4AC6-491B-B05E-E63F76BEB56D}"
EndProject
Project("{FAE04EC0-301F-11D3-BF4B-00C04F79EFBC}") = "Ch11Prac", "Ch11Prac\Ch11Prac.csproj", "{5A91CA56-572C-40A2-BEAB-2ED192D30F08}"
EndProject
Project("{FAE04EC0-301F-11D3-BF4B-00C04F79EFBC}") = "Ch12Ex01", "Ch12Ex01\Ch12Ex01.csproj", "{DC134B1F-1C9D-40AC-B3DA-4188B9C66B90}"
EndProject
Project("{FAE04EC0-301F-11D3-BF4B-00C04F79EFBC}") = "Ch12Ex03", "Ch12Ex03\Ch12Ex03.csproj", "{CF94F8A7-B99F-418D-BC44-7A035C1692F8}"
EndProject
Project("{FAE04EC0-301F-11D3-BF4B-00C04F79EFBC}") = "Ch12Ex04", "Ch12Ex04\Ch12Ex04.csproj", "{06ED9908-A460-47D6-A293-34B94B408E3A}"
EndProject
Project("{FAE04EC0-301F-11D3-BF4B-00C04F79EFBC}") = "TestConsole", "TestConsole\TestConsole.csproj", "{9949FF2A-F57B-4367-A8D8-D6A3AE3465CB}"
EndProject
Project("{FAE04EC0-301F-11D3-BF4B-00C04F79EFBC}") = "Ch13CardLib", "Ch13CardLib\Ch13CardLib.csproj", "{A05129DF-E18A-47D2-8776-717830BFFFEB}"
EndProject
Project("{FAE04EC0-301F-11D3-BF4B-00C04F79EFBC}") = "Ch13Ex01", "Ch13Ex01\Ch13Ex01.csproj", "{CC9BBEC4-E6DD-472B-B1EE-07AD4BBA6741}"
EndProject
Project("{FAE04EC0-301F-11D3-BF4B-00C04F79EFBC}") = "Ch13Ex02", "Ch13Ex02\Ch13Ex02.csproj", "{39456420-DACE-4F41-80C6-8BF65A059A17}"
EndProject
Project("{FAE04EC0-301F-11D3-BF4B-00C04F79EFBC}") = "Ch13Ex03", "Ch13Ex03\Ch13Ex03.csproj", "{064F67A5-A40F-41E6-9B43-BBD986188B6D}"
EndProject
Project("{FAE04EC0-301F-11D3-BF4B-00C04F79EFBC}") = "Ch13CardClient", "Ch13CardClient\Ch13CardClient.csproj", "{F8AE130C-EB65-4F9D-AA7E-6F62B1BF9578}"
EndProject
Global
	GlobalSection(SolutionConfigurationPlatforms) = preSolution
		Debug|Any CPU = Debug|Any CPU
		Release|Any CPU = Release|Any CPU
	EndGlobalSection
	GlobalSection(ProjectConfigurationPlatforms) = postSolution
		{5F2DF791-4376-4669-84A1-54E223CB9990}.Debug|Any CPU.ActiveCfg = Debug|Any CPU
		{5F2DF791-4376-4669-84A1-54E223CB9990}.Debug|Any CPU.Build.0 = Debug|Any CPU
		{5F2DF791-4376-4669-84A1-54E223CB9990}.Release|Any CPU.ActiveCfg = Release|Any CPU
		{5F2DF791-4376-4669-84A1-54E223CB9990}.Release|Any CPU.Build.0 = Release|Any CPU
		{285A3315-603D-4ADF-B1EB-B8823F693EA4}.Debug|Any CPU.ActiveCfg = Debug|Any CPU
		{285A3315-603D-4ADF-B1EB-B8823F693EA4}.Debug|Any CPU.Build.0 = Debug|Any CPU
		{285A3315-603D-4ADF-B1EB-B8823F693EA4}.Release|Any CPU.ActiveCfg = Release|Any CPU
		{285A3315-603D-4ADF-B1EB-B8823F693EA4}.Release|Any CPU.Build.0 = Release|Any CPU
		{733F1712-2423-46D3-9C3B-FA58B6BE57D3}.Debug|Any CPU.ActiveCfg = Debug|Any CPU
		{733F1712-2423-46D3-9C3B-FA58B6BE57D3}.Debug|Any CPU.Build.0 = Debug|Any CPU
		{733F1712-2423-46D3-9C3B-FA58B6BE57D3}.Release|Any CPU.ActiveCfg = Release|Any CPU
		{733F1712-2423-46D3-9C3B-FA58B6BE57D3}.Release|Any CPU.Build.0 = Release|Any CPU
		{1CEAB92D-B2DF-4C2F-8AF2-D2E91B4B462D}.Debug|Any CPU.ActiveCfg = Debug|Any CPU
		{1CEAB92D-B2DF-4C2F-8AF2-D2E91B4B462D}.Debug|Any CPU.Build.0 = Debug|Any CPU
		{1CEAB92D-B2DF-4C2F-8AF2-D2E91B4B462D}.Release|Any CPU.ActiveCfg = Release|Any CPU
		{1CEAB92D-B2DF-4C2F-8AF2-D2E91B4B462D}.Release|Any CPU.Build.0 = Release|Any CPU
		{F12B5679-DC1B-4123-9829-892FB76A260C}.Debug|Any CPU.ActiveCfg = Debug|Any CPU
		{F12B5679-DC1B-4123-9829-892FB76A260C}.Debug|Any CPU.Build.0 = Debug|Any CPU
		{F12B5679-DC1B-4123-9829-892FB76A260C}.Release|Any CPU.ActiveCfg = Release|Any CPU
		{F12B5679-DC1B-4123-9829-892FB76A260C}.Release|Any CPU.Build.0 = Release|Any CPU
		{719DDB7D-97C6-4BCC-A28E-7B5379720FB2}.Debug|Any CPU.ActiveCfg = Debug|Any CPU
		{719DDB7D-97C6-4BCC-A28E-7B5379720FB2}.Debug|Any CPU.Build.0 = Debug|Any CPU
		{719DDB7D-97C6-4BCC-A28E-7B5379720FB2}.Release|Any CPU.ActiveCfg = Release|Any CPU
		{719DDB7D-97C6-4BCC-A28E-7B5379720FB2}.Release|Any CPU.Build.0 = Release|Any CPU
		{5878C145-6E99-46E4-9EB5-CBAFB1C781E0}.Debug|Any CPU.ActiveCfg = Debug|Any CPU
		{5878C145-6E99-46E4-9EB5-CBAFB1C781E0}.Debug|Any CPU.Build.0 = Debug|Any CPU
		{5878C145-6E99-46E4-9EB5-CBAFB1C781E0}.Release|Any CPU.ActiveCfg = Release|Any CPU
		{5878C145-6E99-46E4-9EB5-CBAFB1C781E0}.Release|Any CPU.Build.0 = Release|Any CPU
		{E88AE405-EDAD-42ED-A518-F8ADC8A76822}.Debug|Any CPU.ActiveCfg = Debug|Any CPU
		{E88AE405-EDAD-42ED-A518-F8ADC8A76822}.Debug|Any CPU.Build.0 = Debug|Any CPU
		{E88AE405-EDAD-42ED-A518-F8ADC8A76822}.Release|Any CPU.ActiveCfg = Release|Any CPU
		{E88AE405-EDAD-42ED-A518-F8ADC8A76822}.Release|Any CPU.Build.0 = Release|Any CPU
		{43F06F73-0DDD-419E-B11B-BD66FE3AD239}.Debug|Any CPU.ActiveCfg = Debug|Any CPU
		{43F06F73-0DDD-419E-B11B-BD66FE3AD239}.Debug|Any CPU.Build.0 = Debug|Any CPU
		{43F06F73-0DDD-419E-B11B-BD66FE3AD239}.Release|Any CPU.ActiveCfg = Release|Any CPU
		{43F06F73-0DDD-419E-B11B-BD66FE3AD239}.Release|Any CPU.Build.0 = Release|Any CPU
		{3DA4012C-6BCA-46E4-A4E6-5BE0A3524007}.Debug|Any CPU.ActiveCfg = Debug|Any CPU
		{3DA4012C-6BCA-46E4-A4E6-5BE0A3524007}.Debug|Any CPU.Build.0 = Debug|Any CPU
		{3DA4012C-6BCA-46E4-A4E6-5BE0A3524007}.Release|Any CPU.ActiveCfg = Release|Any CPU
		{3DA4012C-6BCA-46E4-A4E6-5BE0A3524007}.Release|Any CPU.Build.0 = Release|Any CPU
		{EEA8A03F-03F9-4DB3-8D78-1BECECF89A09}.Debug|Any CPU.ActiveCfg = Debug|Any CPU
		{EEA8A03F-03F9-4DB3-8D78-1BECECF89A09}.Debug|Any CPU.Build.0 = Debug|Any CPU
		{EEA8A03F-03F9-4DB3-8D78-1BECECF89A09}.Release|Any CPU.ActiveCfg = Release|Any CPU
		{EEA8A03F-03F9-4DB3-8D78-1BECECF89A09}.Release|Any CPU.Build.0 = Release|Any CPU
		{54338B68-A958-4756-94AC-475CF912D677}.Debug|Any CPU.ActiveCfg = Debug|Any CPU
		{54338B68-A958-4756-94AC-475CF912D677}.Debug|Any CPU.Build.0 = Debug|Any CPU
		{54338B68-A958-4756-94AC-475CF912D677}.Release|Any CPU.ActiveCfg = Release|Any CPU
		{54338B68-A958-4756-94AC-475CF912D677}.Release|Any CPU.Build.0 = Release|Any CPU
		{AC23641F-69AF-4AE0-9FE8-E6E0E8F226D2}.Debug|Any CPU.ActiveCfg = Debug|Any CPU
		{AC23641F-69AF-4AE0-9FE8-E6E0E8F226D2}.Debug|Any CPU.Build.0 = Debug|Any CPU
		{AC23641F-69AF-4AE0-9FE8-E6E0E8F226D2}.Release|Any CPU.ActiveCfg = Release|Any CPU
		{AC23641F-69AF-4AE0-9FE8-E6E0E8F226D2}.Release|Any CPU.Build.0 = Release|Any CPU
		{8EEA6C65-710F-4D72-9FCB-CC582364F781}.Debug|Any CPU.ActiveCfg = Debug|Any CPU
		{8EEA6C65-710F-4D72-9FCB-CC582364F781}.Debug|Any CPU.Build.0 = Debug|Any CPU
		{8EEA6C65-710F-4D72-9FCB-CC582364F781}.Release|Any CPU.ActiveCfg = Release|Any CPU
		{8EEA6C65-710F-4D72-9FCB-CC582364F781}.Release|Any CPU.Build.0 = Release|Any CPU
		{61B9BA06-4DAF-412D-BFC6-3E08D4578D47}.Debug|Any CPU.ActiveCfg = Debug|Any CPU
		{61B9BA06-4DAF-412D-BFC6-3E08D4578D47}.Debug|Any CPU.Build.0 = Debug|Any CPU
		{61B9BA06-4DAF-412D-BFC6-3E08D4578D47}.Release|Any CPU.ActiveCfg = Release|Any CPU
		{61B9BA06-4DAF-412D-BFC6-3E08D4578D47}.Release|Any CPU.Build.0 = Release|Any CPU
		{6DD7D1F7-4AC6-491B-B05E-E63F76BEB56D}.Debug|Any CPU.ActiveCfg = Debug|Any CPU
		{6DD7D1F7-4AC6-491B-B05E-E63F76BEB56D}.Debug|Any CPU.Build.0 = Debug|Any CPU
		{6DD7D1F7-4AC6-491B-B05E-E63F76BEB56D}.Release|Any CPU.ActiveCfg = Release|Any CPU
		{6DD7D1F7-4AC6-491B-B05E-E63F76BEB56D}.Release|Any CPU.Build.0 = Release|Any CPU
		{5A91CA56-572C-40A2-BEAB-2ED192D30F08}.Debug|Any CPU.ActiveCfg = Debug|Any CPU
		{5A91CA56-572C-40A2-BEAB-2ED192D30F08}.Debug|Any CPU.Build.0 = Debug|Any CPU
		{5A91CA56-572C-40A2-BEAB-2ED192D30F08}.Release|Any CPU.ActiveCfg = Release|Any CPU
		{5A91CA56-572C-40A2-BEAB-2ED192D30F08}.Release|Any CPU.Build.0 = Release|Any CPU
		{DC134B1F-1C9D-40AC-B3DA-4188B9C66B90}.Debug|Any CPU.ActiveCfg = Debug|Any CPU
		{DC134B1F-1C9D-40AC-B3DA-4188B9C66B90}.Debug|Any CPU.Build.0 = Debug|Any CPU
		{DC134B1F-1C9D-40AC-B3DA-4188B9C66B90}.Release|Any CPU.ActiveCfg = Release|Any CPU
		{DC134B1F-1C9D-40AC-B3DA-4188B9C66B90}.Release|Any CPU.Build.0 = Release|Any CPU
		{CF94F8A7-B99F-418D-BC44-7A035C1692F8}.Debug|Any CPU.ActiveCfg = Debug|Any CPU
		{CF94F8A7-B99F-418D-BC44-7A035C1692F8}.Debug|Any CPU.Build.0 = Debug|Any CPU
		{CF94F8A7-B99F-418D-BC44-7A035C1692F8}.Release|Any CPU.ActiveCfg = Release|Any CPU
		{CF94F8A7-B99F-418D-BC44-7A035C1692F8}.Release|Any CPU.Build.0 = Release|Any CPU
		{06ED9908-A460-47D6-A293-34B94B408E3A}.Debug|Any CPU.ActiveCfg = Debug|Any CPU
		{06ED9908-A460-47D6-A293-34B94B408E3A}.Debug|Any CPU.Build.0 = Debug|Any CPU
		{06ED9908-A460-47D6-A293-34B94B408E3A}.Release|Any CPU.ActiveCfg = Release|Any CPU
		{06ED9908-A460-47D6-A293-34B94B408E3A}.Release|Any CPU.Build.0 = Release|Any CPU
		{9949FF2A-F57B-4367-A8D8-D6A3AE3465CB}.Debug|Any CPU.ActiveCfg = Debug|Any CPU
		{9949FF2A-F57B-4367-A8D8-D6A3AE3465CB}.Debug|Any CPU.Build.0 = Debug|Any CPU
		{9949FF2A-F57B-4367-A8D8-D6A3AE3465CB}.Release|Any CPU.ActiveCfg = Release|Any CPU
		{9949FF2A-F57B-4367-A8D8-D6A3AE3465CB}.Release|Any CPU.Build.0 = Release|Any CPU
		{A05129DF-E18A-47D2-8776-717830BFFFEB}.Debug|Any CPU.ActiveCfg = Debug|Any CPU
		{A05129DF-E18A-47D2-8776-717830BFFFEB}.Debug|Any CPU.Build.0 = Debug|Any CPU
		{A05129DF-E18A-47D2-8776-717830BFFFEB}.Release|Any CPU.ActiveCfg = Release|Any CPU
		{A05129DF-E18A-47D2-8776-717830BFFFEB}.Release|Any CPU.Build.0 = Release|Any CPU
		{CC9BBEC4-E6DD-472B-B1EE-07AD4BBA6741}.Debug|Any CPU.ActiveCfg = Debug|Any CPU
		{CC9BBEC4-E6DD-472B-B1EE-07AD4BBA6741}.Debug|Any CPU.Build.0 = Debug|Any CPU
		{CC9BBEC4-E6DD-472B-B1EE-07AD4BBA6741}.Release|Any CPU.ActiveCfg = Release|Any CPU
		{CC9BBEC4-E6DD-472B-B1EE-07AD4BBA6741}.Release|Any CPU.Build.0 = Release|Any CPU
		{39456420-DACE-4F41-80C6-8BF65A059A17}.Debug|Any CPU.ActiveCfg = Debug|Any CPU
		{39456420-DACE-4F41-80C6-8BF65A059A17}.Debug|Any CPU.Build.0 = Debug|Any CPU
		{39456420-DACE-4F41-80C6-8BF65A059A17}.Release|Any CPU.ActiveCfg = Release|Any CPU
		{39456420-DACE-4F41-80C6-8BF65A059A17}.Release|Any CPU.Build.0 = Release|Any CPU
		{064F67A5-A40F-41E6-9B43-BBD986188B6D}.Debug|Any CPU.ActiveCfg = Debug|Any CPU
		{064F67A5-A40F-41E6-9B43-BBD986188B6D}.Debug|Any CPU.Build.0 = Debug|Any CPU
		{064F67A5-A40F-41E6-9B43-BBD986188B6D}.Release|Any CPU.ActiveCfg = Release|Any CPU
		{064F67A5-A40F-41E6-9B43-BBD986188B6D}.Release|Any CPU.Build.0 = Release|Any CPU
		{F8AE130C-EB65-4F9D-AA7E-6F62B1BF9578}.Debug|Any CPU.ActiveCfg = Debug|Any CPU
		{F8AE130C-EB65-4F9D-AA7E-6F62B1BF9578}.Debug|Any CPU.Build.0 = Debug|Any CPU
		{F8AE130C-EB65-4F9D-AA7E-6F62B1BF9578}.Release|Any CPU.ActiveCfg = Release|Any CPU
		{F8AE130C-EB65-4F9D-AA7E-6F62B1BF9578}.Release|Any CPU.Build.0 = Release|Any CPU
	EndGlobalSection
	GlobalSection(SolutionProperties) = preSolution
		HideSolutionNode = FALSE
	EndGlobalSection
	GlobalSection(ExtensibilityGlobals) = postSolution
		SolutionGuid = {29A645FE-369B-4105-9E06-F8E0F79F1153}
	EndGlobalSection
EndGlobal
